// !$*UTF8*$!
{
	archiveVersion = 1;
	classes = {
	};
	objectVersion = 77;
	objects = {

/* Begin PBXContainerItemProxy section */
		DC79AB652D7505C400FCAF70 /* PBXContainerItemProxy */ = {
			isa = PBXContainerItemProxy;
			containerPortal = DC79AB4A2D7505C300FCAF70 /* Project object */;
			proxyType = 1;
			remoteGlobalIDString = DC79AB512D7505C300FCAF70;
			remoteInfo = RealTrack;
		};
		DC79AB6F2D7505C400FCAF70 /* PBXContainerItemProxy */ = {
			isa = PBXContainerItemProxy;
			containerPortal = DC79AB4A2D7505C300FCAF70 /* Project object */;
			proxyType = 1;
			remoteGlobalIDString = DC79AB512D7505C300FCAF70;
			remoteInfo = RealTrack;
		};
/* End PBXContainerItemProxy section */

/* Begin PBXFileReference section */
		DC79AB522D7505C300FCAF70 /* RealTrack.app */ = {isa = PBXFileReference; explicitFileType = wrapper.application; includeInIndex = 0; path = RealTrack.app; sourceTree = BUILT_PRODUCTS_DIR; };
		DC79AB642D7505C400FCAF70 /* RealTrackTests.xctest */ = {isa = PBXFileReference; explicitFileType = wrapper.cfbundle; includeInIndex = 0; path = RealTrackTests.xctest; sourceTree = BUILT_PRODUCTS_DIR; };
		DC79AB6E2D7505C400FCAF70 /* RealTrackUITests.xctest */ = {isa = PBXFileReference; explicitFileType = wrapper.cfbundle; includeInIndex = 0; path = RealTrackUITests.xctest; sourceTree = BUILT_PRODUCTS_DIR; };
/* End PBXFileReference section */

/* Begin PBXFileSystemSynchronizedRootGroup section */
		DC79AB542D7505C300FCAF70 /* RealTrack */ = {
			isa = PBXFileSystemSynchronizedRootGroup;
			path = RealTrack;
			sourceTree = "<group>";
		};
		DC79AB672D7505C400FCAF70 /* RealTrackTests */ = {
			isa = PBXFileSystemSynchronizedRootGroup;
			path = RealTrackTests;
			sourceTree = "<group>";
		};
		DC79AB712D7505C400FCAF70 /* RealTrackUITests */ = {
			isa = PBXFileSystemSynchronizedRootGroup;
			path = RealTrackUITests;
			sourceTree = "<group>";
		};
/* End PBXFileSystemSynchronizedRootGroup section */

/* Begin PBXFrameworksBuildPhase section */
		DC79AB4F2D7505C300FCAF70 /* Frameworks */ = {
			isa = PBXFrameworksBuildPhase;
			buildActionMask = 2147483647;
			files = (
			);
			runOnlyForDeploymentPostprocessing = 0;
		};
		DC79AB612D7505C400FCAF70 /* Frameworks */ = {
			isa = PBXFrameworksBuildPhase;
			buildActionMask = 2147483647;
			files = (
			);
			runOnlyForDeploymentPostprocessing = 0;
		};
		DC79AB6B2D7505C400FCAF70 /* Frameworks */ = {
			isa = PBXFrameworksBuildPhase;
			buildActionMask = 2147483647;
			files = (
			);
			runOnlyForDeploymentPostprocessing = 0;
		};
/* End PBXFrameworksBuildPhase section */

/* Begin PBXGroup section */
		DC79AB492D7505C300FCAF70 = {
			isa = PBXGroup;
			children = (
				DC79AB542D7505C300FCAF70 /* RealTrack */,
				DC79AB672D7505C400FCAF70 /* RealTrackTests */,
				DC79AB712D7505C400FCAF70 /* RealTrackUITests */,
				DC79AB532D7505C300FCAF70 /* Products */,
			);
			sourceTree = "<group>";
		};
		DC79AB532D7505C300FCAF70 /* Products */ = {
			isa = PBXGroup;
			children = (
				DC79AB522D7505C300FCAF70 /* RealTrack.app */,
				DC79AB642D7505C400FCAF70 /* RealTrackTests.xctest */,
				DC79AB6E2D7505C400FCAF70 /* RealTrackUITests.xctest */,
			);
			name = Products;
			sourceTree = "<group>";
		};
/* End PBXGroup section */

/* Begin PBXNativeTarget section */
		DC79AB512D7505C300FCAF70 /* RealTrack */ = {
			isa = PBXNativeTarget;
			buildConfigurationList = DC79AB782D7505C400FCAF70 /* Build configuration list for PBXNativeTarget "RealTrack" */;
			buildPhases = (
				DC79AB4E2D7505C300FCAF70 /* Sources */,
				DC79AB4F2D7505C300FCAF70 /* Frameworks */,
				DC79AB502D7505C300FCAF70 /* Resources */,
			);
			buildRules = (
			);
			dependencies = (
			);
			fileSystemSynchronizedGroups = (
				DC79AB542D7505C300FCAF70 /* RealTrack */,
			);
			name = RealTrack;
			packageProductDependencies = (
			);
			productName = RealTrack;
			productReference = DC79AB522D7505C300FCAF70 /* RealTrack.app */;
			productType = "com.apple.product-type.application";
		};
		DC79AB632D7505C400FCAF70 /* RealTrackTests */ = {
			isa = PBXNativeTarget;
			buildConfigurationList = DC79AB7B2D7505C400FCAF70 /* Build configuration list for PBXNativeTarget "RealTrackTests" */;
			buildPhases = (
				DC79AB602D7505C400FCAF70 /* Sources */,
				DC79AB612D7505C400FCAF70 /* Frameworks */,
				DC79AB622D7505C400FCAF70 /* Resources */,
			);
			buildRules = (
			);
			dependencies = (
				DC79AB662D7505C400FCAF70 /* PBXTargetDependency */,
			);
			fileSystemSynchronizedGroups = (
				DC79AB672D7505C400FCAF70 /* RealTrackTests */,
			);
			name = RealTrackTests;
			packageProductDependencies = (
			);
			productName = RealTrackTests;
			productReference = DC79AB642D7505C400FCAF70 /* RealTrackTests.xctest */;
			productType = "com.apple.product-type.bundle.unit-test";
		};
		DC79AB6D2D7505C400FCAF70 /* RealTrackUITests */ = {
			isa = PBXNativeTarget;
			buildConfigurationList = DC79AB7E2D7505C400FCAF70 /* Build configuration list for PBXNativeTarget "RealTrackUITests" */;
			buildPhases = (
				DC79AB6A2D7505C400FCAF70 /* Sources */,
				DC79AB6B2D7505C400FCAF70 /* Frameworks */,
				DC79AB6C2D7505C400FCAF70 /* Resources */,
			);
			buildRules = (
			);
			dependencies = (
				DC79AB702D7505C400FCAF70 /* PBXTargetDependency */,
			);
			fileSystemSynchronizedGroups = (
				DC79AB712D7505C400FCAF70 /* RealTrackUITests */,
			);
			name = RealTrackUITests;
			packageProductDependencies = (
			);
			productName = RealTrackUITests;
			productReference = DC79AB6E2D7505C400FCAF70 /* RealTrackUITests.xctest */;
			productType = "com.apple.product-type.bundle.ui-testing";
		};
/* End PBXNativeTarget section */

/* Begin PBXProject section */
		DC79AB4A2D7505C300FCAF70 /* Project object */ = {
			isa = PBXProject;
			attributes = {
				BuildIndependentTargetsInParallel = 1;
				LastSwiftUpdateCheck = 1620;
				LastUpgradeCheck = 1620;
				TargetAttributes = {
					DC79AB512D7505C300FCAF70 = {
						CreatedOnToolsVersion = 16.2;
					};
					DC79AB632D7505C400FCAF70 = {
						CreatedOnToolsVersion = 16.2;
						TestTargetID = DC79AB512D7505C300FCAF70;
					};
					DC79AB6D2D7505C400FCAF70 = {
						CreatedOnToolsVersion = 16.2;
						TestTargetID = DC79AB512D7505C300FCAF70;
					};
				};
			};
			buildConfigurationList = DC79AB4D2D7505C300FCAF70 /* Build configuration list for PBXProject "RealTrack" */;
			developmentRegion = en;
			hasScannedForEncodings = 0;
			knownRegions = (
				en,
				Base,
			);
			mainGroup = DC79AB492D7505C300FCAF70;
			minimizedProjectReferenceProxies = 1;
			preferredProjectObjectVersion = 77;
			productRefGroup = DC79AB532D7505C300FCAF70 /* Products */;
			projectDirPath = "";
			projectRoot = "";
			targets = (
				DC79AB512D7505C300FCAF70 /* RealTrack */,
				DC79AB632D7505C400FCAF70 /* RealTrackTests */,
				DC79AB6D2D7505C400FCAF70 /* RealTrackUITests */,
			);
		};
/* End PBXProject section */

/* Begin PBXResourcesBuildPhase section */
		DC79AB502D7505C300FCAF70 /* Resources */ = {
			isa = PBXResourcesBuildPhase;
			buildActionMask = 2147483647;
			files = (
			);
			runOnlyForDeploymentPostprocessing = 0;
		};
		DC79AB622D7505C400FCAF70 /* Resources */ = {
			isa = PBXResourcesBuildPhase;
			buildActionMask = 2147483647;
			files = (
			);
			runOnlyForDeploymentPostprocessing = 0;
		};
		DC79AB6C2D7505C400FCAF70 /* Resources */ = {
			isa = PBXResourcesBuildPhase;
			buildActionMask = 2147483647;
			files = (
			);
			runOnlyForDeploymentPostprocessing = 0;
		};
/* End PBXResourcesBuildPhase section */

/* Begin PBXSourcesBuildPhase section */
		DC79AB4E2D7505C300FCAF70 /* Sources */ = {
			isa = PBXSourcesBuildPhase;
			buildActionMask = 2147483647;
			files = (
			);
			runOnlyForDeploymentPostprocessing = 0;
		};
		DC79AB602D7505C400FCAF70 /* Sources */ = {
			isa = PBXSourcesBuildPhase;
			buildActionMask = 2147483647;
			files = (
			);
			runOnlyForDeploymentPostprocessing = 0;
		};
		DC79AB6A2D7505C400FCAF70 /* Sources */ = {
			isa = PBXSourcesBuildPhase;
			buildActionMask = 2147483647;
			files = (
			);
			runOnlyForDeploymentPostprocessing = 0;
		};
/* End PBXSourcesBuildPhase section */

/* Begin PBXTargetDependency section */
		DC79AB662D7505C400FCAF70 /* PBXTargetDependency */ = {
			isa = PBXTargetDependency;
			target = DC79AB512D7505C300FCAF70 /* RealTrack */;
			targetProxy = DC79AB652D7505C400FCAF70 /* PBXContainerItemProxy */;
		};
		DC79AB702D7505C400FCAF70 /* PBXTargetDependency */ = {
			isa = PBXTargetDependency;
			target = DC79AB512D7505C300FCAF70 /* RealTrack */;
			targetProxy = DC79AB6F2D7505C400FCAF70 /* PBXContainerItemProxy */;
		};
/* End PBXTargetDependency section */

/* Begin XCBuildConfiguration section */
		DC79AB762D7505C400FCAF70 /* Debug */ = {
			isa = XCBuildConfiguration;
			buildSettings = {
				ALWAYS_SEARCH_USER_PATHS = NO;
				ASSETCATALOG_COMPILER_GENERATE_SWIFT_ASSET_SYMBOL_EXTENSIONS = YES;
				CLANG_ANALYZER_NONNULL = YES;
				CLANG_ANALYZER_NUMBER_OBJECT_CONVERSION = YES_AGGRESSIVE;
				CLANG_CXX_LANGUAGE_STANDARD = "gnu++20";
				CLANG_ENABLE_MODULES = YES;
				CLANG_ENABLE_OBJC_ARC = YES;
				CLANG_ENABLE_OBJC_WEAK = YES;
				CLANG_WARN_BLOCK_CAPTURE_AUTORELEASING = YES;
				CLANG_WARN_BOOL_CONVERSION = YES;
				CLANG_WARN_COMMA = YES;
				CLANG_WARN_CONSTANT_CONVERSION = YES;
				CLANG_WARN_DEPRECATED_OBJC_IMPLEMENTATIONS = YES;
				CLANG_WARN_DIRECT_OBJC_ISA_USAGE = YES_ERROR;
				CLANG_WARN_DOCUMENTATION_COMMENTS = YES;
				CLANG_WARN_EMPTY_BODY = YES;
				CLANG_WARN_ENUM_CONVERSION = YES;
				CLANG_WARN_INFINITE_RECURSION = YES;
				CLANG_WARN_INT_CONVERSION = YES;
				CLANG_WARN_NON_LITERAL_NULL_CONVERSION = YES;
				CLANG_WARN_OBJC_IMPLICIT_RETAIN_SELF = YES;
				CLANG_WARN_OBJC_LITERAL_CONVERSION = YES;
				CLANG_WARN_OBJC_ROOT_CLASS = YES_ERROR;
				CLANG_WARN_QUOTED_INCLUDE_IN_FRAMEWORK_HEADER = YES;
				CLANG_WARN_RANGE_LOOP_ANALYSIS = YES;
				CLANG_WARN_STRICT_PROTOTYPES = YES;
				CLANG_WARN_SUSPICIOUS_MOVE = YES;
				CLANG_WARN_UNGUARDED_AVAILABILITY = YES_AGGRESSIVE;
				CLANG_WARN_UNREACHABLE_CODE = YES;
				CLANG_WARN__DUPLICATE_METHOD_MATCH = YES;
				COPY_PHASE_STRIP = NO;
				DEBUG_INFORMATION_FORMAT = dwarf;
				ENABLE_STRICT_OBJC_MSGSEND = YES;
				ENABLE_TESTABILITY = YES;
				ENABLE_USER_SCRIPT_SANDBOXING = YES;
				GCC_C_LANGUAGE_STANDARD = gnu17;
				GCC_DYNAMIC_NO_PIC = NO;
				GCC_NO_COMMON_BLOCKS = YES;
				GCC_OPTIMIZATION_LEVEL = 0;
				GCC_PREPROCESSOR_DEFINITIONS = (
					"DEBUG=1",
					"$(inherited)",
				);
				GCC_WARN_64_TO_32_BIT_CONVERSION = YES;
				GCC_WARN_ABOUT_RETURN_TYPE = YES_ERROR;
				GCC_WARN_UNDECLARED_SELECTOR = YES;
				GCC_WARN_UNINITIALIZED_AUTOS = YES_AGGRESSIVE;
				GCC_WARN_UNUSED_FUNCTION = YES;
				GCC_WARN_UNUSED_VARIABLE = YES;
				IPHONEOS_DEPLOYMENT_TARGET = 18.2;
				LOCALIZATION_PREFERS_STRING_CATALOGS = YES;
				MTL_ENABLE_DEBUG_INFO = INCLUDE_SOURCE;
				MTL_FAST_MATH = YES;
				ONLY_ACTIVE_ARCH = YES;
				SDKROOT = iphoneos;
				SWIFT_ACTIVE_COMPILATION_CONDITIONS = "DEBUG $(inherited)";
				SWIFT_OPTIMIZATION_LEVEL = "-Onone";
			};
			name = Debug;
		};
		DC79AB772D7505C400FCAF70 /* Release */ = {
			isa = XCBuildConfiguration;
			buildSettings = {
				ALWAYS_SEARCH_USER_PATHS = NO;
				ASSETCATALOG_COMPILER_GENERATE_SWIFT_ASSET_SYMBOL_EXTENSIONS = YES;
				CLANG_ANALYZER_NONNULL = YES;
				CLANG_ANALYZER_NUMBER_OBJECT_CONVERSION = YES_AGGRESSIVE;
				CLANG_CXX_LANGUAGE_STANDARD = "gnu++20";
				CLANG_ENABLE_MODULES = YES;
				CLANG_ENABLE_OBJC_ARC = YES;
				CLANG_ENABLE_OBJC_WEAK = YES;
				CLANG_WARN_BLOCK_CAPTURE_AUTORELEASING = YES;
				CLANG_WARN_BOOL_CONVERSION = YES;
				CLANG_WARN_COMMA = YES;
				CLANG_WARN_CONSTANT_CONVERSION = YES;
				CLANG_WARN_DEPRECATED_OBJC_IMPLEMENTATIONS = YES;
				CLANG_WARN_DIRECT_OBJC_ISA_USAGE = YES_ERROR;
				CLANG_WARN_DOCUMENTATION_COMMENTS = YES;
				CLANG_WARN_EMPTY_BODY = YES;
				CLANG_WARN_ENUM_CONVERSION = YES;
				CLANG_WARN_INFINITE_RECURSION = YES;
				CLANG_WARN_INT_CONVERSION = YES;
				CLANG_WARN_NON_LITERAL_NULL_CONVERSION = YES;
				CLANG_WARN_OBJC_IMPLICIT_RETAIN_SELF = YES;
				CLANG_WARN_OBJC_LITERAL_CONVERSION = YES;
				CLANG_WARN_OBJC_ROOT_CLASS = YES_ERROR;
				CLANG_WARN_QUOTED_INCLUDE_IN_FRAMEWORK_HEADER = YES;
				CLANG_WARN_RANGE_LOOP_ANALYSIS = YES;
				CLANG_WARN_STRICT_PROTOTYPES = YES;
				CLANG_WARN_SUSPICIOUS_MOVE = YES;
				CLANG_WARN_UNGUARDED_AVAILABILITY = YES_AGGRESSIVE;
				CLANG_WARN_UNREACHABLE_CODE = YES;
				CLANG_WARN__DUPLICATE_METHOD_MATCH = YES;
				COPY_PHASE_STRIP = NO;
				DEBUG_INFORMATION_FORMAT = "dwarf-with-dsym";
				ENABLE_NS_ASSERTIONS = NO;
				ENABLE_STRICT_OBJC_MSGSEND = YES;
				ENABLE_USER_SCRIPT_SANDBOXING = YES;
				GCC_C_LANGUAGE_STANDARD = gnu17;
				GCC_NO_COMMON_BLOCKS = YES;
				GCC_WARN_64_TO_32_BIT_CONVERSION = YES;
				GCC_WARN_ABOUT_RETURN_TYPE = YES_ERROR;
				GCC_WARN_UNDECLARED_SELECTOR = YES;
				GCC_WARN_UNINITIALIZED_AUTOS = YES_AGGRESSIVE;
				GCC_WARN_UNUSED_FUNCTION = YES;
				GCC_WARN_UNUSED_VARIABLE = YES;
				IPHONEOS_DEPLOYMENT_TARGET = 18.2;
				LOCALIZATION_PREFERS_STRING_CATALOGS = YES;
				MTL_ENABLE_DEBUG_INFO = NO;
				MTL_FAST_MATH = YES;
				SDKROOT = iphoneos;
				SWIFT_COMPILATION_MODE = wholemodule;
				VALIDATE_PRODUCT = YES;
			};
			name = Release;
		};
		DC79AB792D7505C400FCAF70 /* Debug */ = {
			isa = XCBuildConfiguration;
			buildSettings = {
				ASSETCATALOG_COMPILER_APPICON_NAME = AppIcon;
				ASSETCATALOG_COMPILER_GLOBAL_ACCENT_COLOR_NAME = AccentColor;
				CODE_SIGN_STYLE = Automatic;
				CURRENT_PROJECT_VERSION = 1;
				DEVELOPMENT_ASSET_PATHS = "\"RealTrack/Preview Content\"";
				DEVELOPMENT_TEAM = Q436M9KUZ4;
				ENABLE_PREVIEWS = YES;
				GENERATE_INFOPLIST_FILE = YES;
				INFOPLIST_KEY_UIApplicationSceneManifest_Generation = YES;
				INFOPLIST_KEY_UIApplicationSupportsIndirectInputEvents = YES;
				INFOPLIST_KEY_UILaunchScreen_Generation = YES;
				INFOPLIST_KEY_UISupportedInterfaceOrientations_iPad = "UIInterfaceOrientationPortrait UIInterfaceOrientationPortraitUpsideDown UIInterfaceOrientationLandscapeLeft UIInterfaceOrientationLandscapeRight";
				INFOPLIST_KEY_UISupportedInterfaceOrientations_iPhone = "UIInterfaceOrientationPortrait UIInterfaceOrientationLandscapeLeft UIInterfaceOrientationLandscapeRight";
				LD_RUNPATH_SEARCH_PATHS = (
					"$(inherited)",
					"@executable_path/Frameworks",
				);
				MARKETING_VERSION = 1.0;
				PRODUCT_BUNDLE_IDENTIFIER = com.lasurta.realtrack;
				PRODUCT_NAME = "$(TARGET_NAME)";
				SWIFT_EMIT_LOC_STRINGS = YES;
				SWIFT_VERSION = 5.0;
				TARGETED_DEVICE_FAMILY = "1,2";
			};
			name = Debug;
		};
		DC79AB7A2D7505C400FCAF70 /* Release */ = {
			isa = XCBuildConfiguration;
			buildSettings = {
				ASSETCATALOG_COMPILER_APPICON_NAME = AppIcon;
				ASSETCATALOG_COMPILER_GLOBAL_ACCENT_COLOR_NAME = AccentColor;
				CODE_SIGN_STYLE = Automatic;
				CURRENT_PROJECT_VERSION = 1;
				DEVELOPMENT_ASSET_PATHS = "\"RealTrack/Preview Content\"";
				DEVELOPMENT_TEAM = Q436M9KUZ4;
				ENABLE_PREVIEWS = YES;
				GENERATE_INFOPLIST_FILE = YES;
				INFOPLIST_KEY_UIApplicationSceneManifest_Generation = YES;
				INFOPLIST_KEY_UIApplicationSupportsIndirectInputEvents = YES;
				INFOPLIST_KEY_UILaunchScreen_Generation = YES;
				INFOPLIST_KEY_UISupportedInterfaceOrientations_iPad = "UIInterfaceOrientationPortrait UIInterfaceOrientationPortraitUpsideDown UIInterfaceOrientationLandscapeLeft UIInterfaceOrientationLandscapeRight";
				INFOPLIST_KEY_UISupportedInterfaceOrientations_iPhone = "UIInterfaceOrientationPortrait UIInterfaceOrientationLandscapeLeft UIInterfaceOrientationLandscapeRight";
				LD_RUNPATH_SEARCH_PATHS = (
					"$(inherited)",
					"@executable_path/Frameworks",
				);
				MARKETING_VERSION = 1.0;
				PRODUCT_BUNDLE_IDENTIFIER = com.lasurta.realtrack;
				PRODUCT_NAME = "$(TARGET_NAME)";
				SWIFT_EMIT_LOC_STRINGS = YES;
				SWIFT_VERSION = 5.0;
				TARGETED_DEVICE_FAMILY = "1,2";
			};
			name = Release;
		};
		DC79AB7C2D7505C400FCAF70 /* Debug */ = {
			isa = XCBuildConfiguration;
			buildSettings = {
				BUNDLE_LOADER = "$(TEST_HOST)";
				CODE_SIGN_STYLE = Automatic;
				CURRENT_PROJECT_VERSION = 1;
				DEVELOPMENT_TEAM = Q436M9KUZ4;
				GENERATE_INFOPLIST_FILE = YES;
				IPHONEOS_DEPLOYMENT_TARGET = 18.2;
				MARKETING_VERSION = 1.0;
				PRODUCT_BUNDLE_IDENTIFIER = com.lasurta.realtrack.RealTrackTests;
				PRODUCT_NAME = "$(TARGET_NAME)";
				SWIFT_EMIT_LOC_STRINGS = NO;
				SWIFT_VERSION = 5.0;
				TARGETED_DEVICE_FAMILY = "1,2";
				TEST_HOST = "$(BUILT_PRODUCTS_DIR)/RealTrack.app/$(BUNDLE_EXECUTABLE_FOLDER_PATH)/RealTrack";
			};
			name = Debug;
		};
		DC79AB7D2D7505C400FCAF70 /* Release */ = {
			isa = XCBuildConfiguration;
			buildSettings = {
				BUNDLE_LOADER = "$(TEST_HOST)";
				CODE_SIGN_STYLE = Automatic;
				CURRENT_PROJECT_VERSION = 1;
				DEVELOPMENT_TEAM = Q436M9KUZ4;
				GENERATE_INFOPLIST_FILE = YES;
				IPHONEOS_DEPLOYMENT_TARGET = 18.2;
				MARKETING_VERSION = 1.0;
				PRODUCT_BUNDLE_IDENTIFIER = com.lasurta.realtrack.RealTrackTests;
				PRODUCT_NAME = "$(TARGET_NAME)";
				SWIFT_EMIT_LOC_STRINGS = NO;
				SWIFT_VERSION = 5.0;
				TARGETED_DEVICE_FAMILY = "1,2";
				TEST_HOST = "$(BUILT_PRODUCTS_DIR)/RealTrack.app/$(BUNDLE_EXECUTABLE_FOLDER_PATH)/RealTrack";
			};
			name = Release;
		};
		DC79AB7F2D7505C400FCAF70 /* Debug */ = {
			isa = XCBuildConfiguration;
			buildSettings = {
				CODE_SIGN_STYLE = Automatic;
				CURRENT_PROJECT_VERSION = 1;
				DEVELOPMENT_TEAM = Q436M9KUZ4;
				GENERATE_INFOPLIST_FILE = YES;
				MARKETING_VERSION = 1.0;
				PRODUCT_BUNDLE_IDENTIFIER = com.lasurta.realtrack.RealTrackUITests;
				PRODUCT_NAME = "$(TARGET_NAME)";
				SWIFT_EMIT_LOC_STRINGS = NO;
				SWIFT_VERSION = 5.0;
				TARGETED_DEVICE_FAMILY = "1,2";
				TEST_TARGET_NAME = RealTrack;
			};
			name = Debug;
		};
		DC79AB802D7505C400FCAF70 /* Release */ = {
			isa = XCBuildConfiguration;
			buildSettings = {
				CODE_SIGN_STYLE = Automatic;
				CURRENT_PROJECT_VERSION = 1;
				DEVELOPMENT_TEAM = Q436M9KUZ4;
				GENERATE_INFOPLIST_FILE = YES;
				MARKETING_VERSION = 1.0;
				PRODUCT_BUNDLE_IDENTIFIER = com.lasurta.realtrack.RealTrackUITests;
				PRODUCT_NAME = "$(TARGET_NAME)";
				SWIFT_EMIT_LOC_STRINGS = NO;
				SWIFT_VERSION = 5.0;
				TARGETED_DEVICE_FAMILY = "1,2";
				TEST_TARGET_NAME = RealTrack;
			};
			name = Release;
		};
/* End XCBuildConfiguration section */

/* Begin XCConfigurationList section */
		DC79AB4D2D7505C300FCAF70 /* Build configuration list for PBXProject "RealTrack" */ = {
			isa = XCConfigurationList;
			buildConfigurations = (
				DC79AB762D7505C400FCAF70 /* Debug */,
				DC79AB772D7505C400FCAF70 /* Release */,
			);
			defaultConfigurationIsVisible = 0;
			defaultConfigurationName = Release;
		};
		DC79AB782D7505C400FCAF70 /* Build configuration list for PBXNativeTarget "RealTrack" */ = {
			isa = XCConfigurationList;
			buildConfigurations = (
				DC79AB792D7505C400FCAF70 /* Debug */,
				DC79AB7A2D7505C400FCAF70 /* Release */,
			);
			defaultConfigurationIsVisible = 0;
			defaultConfigurationName = Release;
		};
		DC79AB7B2D7505C400FCAF70 /* Build configuration list for PBXNativeTarget "RealTrackTests" */ = {
			isa = XCConfigurationList;
			buildConfigurations = (
				DC79AB7C2D7505C400FCAF70 /* Debug */,
				DC79AB7D2D7505C400FCAF70 /* Release */,
			);
			defaultConfigurationIsVisible = 0;
			defaultConfigurationName = Release;
		};
		DC79AB7E2D7505C400FCAF70 /* Build configuration list for PBXNativeTarget "RealTrackUITests" */ = {
			isa = XCConfigurationList;
			buildConfigurations = (
				DC79AB7F2D7505C400FCAF70 /* Debug */,
				DC79AB802D7505C400FCAF70 /* Release */,
			);
			defaultConfigurationIsVisible = 0;
			defaultConfigurationName = Release;
		};
/* End XCConfigurationList section */
	};
	rootObject = DC79AB4A2D7505C300FCAF70 /* Project object */;
}
